
Microsoft Visual Studio Solution File, Format Version 12.00
# Visual Studio Version 17
VisualStudioVersion = 17.2.32526.322
MinimumVisualStudioVersion = 10.0.40219.1
Project("{9A19103F-16F7-4668-BE54-9A1E7A4F7556}") = "LiveFrame", "LiveFrame.csproj", "{F6532DC3-6DBD-489C-B3C4-9BB670BF62B2}"
EndProject
Global
	GlobalSection(SolutionConfigurationPlatforms) = preSolution
		Debug|Any CPU = Debug|Any CPU
		Release|Any CPU = Release|Any CPU
	EndGlobalSection
	GlobalSection(ProjectConfigurationPlatforms) = postSolution
		{F6532DC3-6DBD-489C-B3C4-9BB670BF62B2}.Debug|Any CPU.ActiveCfg = Debug|Any CPU
		{F6532DC3-6DBD-489C-B3C4-9BB670BF62B2}.Debug|Any CPU.Build.0 = Debug|Any CPU
		{F6532DC3-6DBD-489C-B3C4-9BB670BF62B2}.Release|Any CPU.ActiveCfg = Release|Any CPU
		{F6532DC3-6DBD-489C-B3C4-9BB670BF62B2}.Release|Any CPU.Build.0 = Release|Any CPU
	EndGlobalSection
	GlobalSection(SolutionProperties) = preSolution
		HideSolutionNode = FALSE
	EndGlobalSection
	GlobalSection(ExtensibilityGlobals) = postSolution
		SolutionGuid = {1F50E4CF-2CFD-4B69-B24C-337B4143F5E2}
	EndGlobalSection
EndGlobal
